
Microsoft Visual Studio Solution File, Format Version 12.00
# Visual Studio 15
VisualStudioVersion = 15.0.27130.2036
MinimumVisualStudioVersion = 10.0.40219.1
Project("{FAE04EC0-301F-11D3-BF4B-00C04F79EFBC}") = "WindowsFormsApp1", "WindowsFormsApp1\WindowsFormsApp1.csproj", "{27659D9B-88C4-4061-932B-FBEF0FED9AE8}"
EndProject
Project("{54435603-DBB4-11D2-8724-00A0C9A8B90C}") = "EEGSetup", "EEGSetup\EEGSetup.vdproj", "{0B2BFD94-E2AA-4CBE-BFA2-4E9A1CB12023}"
EndProject
Global
	GlobalSection(SolutionConfigurationPlatforms) = preSolution
		Debug|Any CPU = Debug|Any CPU
		Debug|x64 = Debug|x64
		Debug|x86 = Debug|x86
		Release|Any CPU = Release|Any CPU
		Release|x64 = Release|x64
		Release|x86 = Release|x86
	EndGlobalSection
	GlobalSection(ProjectConfigurationPlatforms) = postSolution
		{27659D9B-88C4-4061-932B-FBEF0FED9AE8}.Debug|Any CPU.ActiveCfg = Debug|Any CPU
		{27659D9B-88C4-4061-932B-FBEF0FED9AE8}.Debug|Any CPU.Build.0 = Debug|Any CPU
		{27659D9B-88C4-4061-932B-FBEF0FED9AE8}.Debug|x64.ActiveCfg = Debug|Any CPU
		{27659D9B-88C4-4061-932B-FBEF0FED9AE8}.Debug|x64.Build.0 = Debug|Any CPU
		{27659D9B-88C4-4061-932B-FBEF0FED9AE8}.Debug|x86.ActiveCfg = Debug|Any CPU
		{27659D9B-88C4-4061-932B-FBEF0FED9AE8}.Debug|x86.Build.0 = Debug|Any CPU
		{27659D9B-88C4-4061-932B-FBEF0FED9AE8}.Release|Any CPU.ActiveCfg = Release|Any CPU
		{27659D9B-88C4-4061-932B-FBEF0FED9AE8}.Release|Any CPU.Build.0 = Release|Any CPU
		{27659D9B-88C4-4061-932B-FBEF0FED9AE8}.Release|x64.ActiveCfg = Release|Any CPU
		{27659D9B-88C4-4061-932B-FBEF0FED9AE8}.Release|x64.Build.0 = Release|Any CPU
		{27659D9B-88C4-4061-932B-FBEF0FED9AE8}.Release|x86.ActiveCfg = Release|Any CPU
		{27659D9B-88C4-4061-932B-FBEF0FED9AE8}.Release|x86.Build.0 = Release|Any CPU
		{0B2BFD94-E2AA-4CBE-BFA2-4E9A1CB12023}.Debug|Any CPU.ActiveCfg = Debug
		{0B2BFD94-E2AA-4CBE-BFA2-4E9A1CB12023}.Debug|x64.ActiveCfg = Debug
		{0B2BFD94-E2AA-4CBE-BFA2-4E9A1CB12023}.Debug|x86.ActiveCfg = Debug
		{0B2BFD94-E2AA-4CBE-BFA2-4E9A1CB12023}.Release|Any CPU.ActiveCfg = Release
		{0B2BFD94-E2AA-4CBE-BFA2-4E9A1CB12023}.Release|x64.ActiveCfg = Release
		{0B2BFD94-E2AA-4CBE-BFA2-4E9A1CB12023}.Release|x86.ActiveCfg = Release
	EndGlobalSection
	GlobalSection(SolutionProperties) = preSolution
		HideSolutionNode = FALSE
	EndGlobalSection
	GlobalSection(ExtensibilityGlobals) = postSolution
		SolutionGuid = {DDC7C9FE-A294-40F3-BB13-AFE1843A2DEA}
	EndGlobalSection
EndGlobal
